
Microsoft Visual Studio Solution File, Format Version 12.00
# Visual Studio Version 17
VisualStudioVersion = 17.12.35506.116 d17.12
MinimumVisualStudioVersion = 10.0.40219.1
Project("{FAE04EC0-301F-11D3-BF4B-00C04F79EFBC}") = "NUnitDemos", "NUnitDemos.csproj", "{3B755FA4-C734-4A17-929D-BB1F6CAA3D96}"
EndProject
Project("{FAE04EC0-301F-11D3-BF4B-00C04F79EFBC}") = "NUnitDemos.Tests", "..\NUnitDemos.Tests\NUnitDemos.Tests.csproj", "{2E300988-7BB6-4BC4-AE9F-88F3D5F04625}"
EndProject
Global
	GlobalSection(SolutionConfigurationPlatforms) = preSolution
		Debug|Any CPU = Debug|Any CPU
		Release|Any CPU = Release|Any CPU
	EndGlobalSection
	GlobalSection(ProjectConfigurationPlatforms) = postSolution
		{3B755FA4-C734-4A17-929D-BB1F6CAA3D96}.Debug|Any CPU.ActiveCfg = Debug|Any CPU
		{3B755FA4-C734-4A17-929D-BB1F6CAA3D96}.Debug|Any CPU.Build.0 = Debug|Any CPU
		{3B755FA4-C734-4A17-929D-BB1F6CAA3D96}.Release|Any CPU.ActiveCfg = Release|Any CPU
		{3B755FA4-C734-4A17-929D-BB1F6CAA3D96}.Release|Any CPU.Build.0 = Release|Any CPU
		{2E300988-7BB6-4BC4-AE9F-88F3D5F04625}.Debug|Any CPU.ActiveCfg = Debug|Any CPU
		{2E300988-7BB6-4BC4-AE9F-88F3D5F04625}.Debug|Any CPU.Build.0 = Debug|Any CPU
		{2E300988-7BB6-4BC4-AE9F-88F3D5F04625}.Release|Any CPU.ActiveCfg = Release|Any CPU
		{2E300988-7BB6-4BC4-AE9F-88F3D5F04625}.Release|Any CPU.Build.0 = Release|Any CPU
	EndGlobalSection
	GlobalSection(SolutionProperties) = preSolution
		HideSolutionNode = FALSE
	EndGlobalSection
EndGlobal
