
Microsoft Visual Studio Solution File, Format Version 12.00
# Visual Studio Version 17
VisualStudioVersion = 17.14.36408.4 d17.14
MinimumVisualStudioVersion = 10.0.40219.1
Project("{FAE04EC0-301F-11D3-BF4B-00C04F79EFBC}") = "Role-Based-Product-Management", "Role-Based-Product-Management\Role-Based-Product-Management.csproj", "{AB5942B3-7697-4220-8413-6D35105CC488}"
EndProject
Global
	GlobalSection(SolutionConfigurationPlatforms) = preSolution
		Debug|Any CPU = Debug|Any CPU
		Release|Any CPU = Release|Any CPU
	EndGlobalSection
	GlobalSection(ProjectConfigurationPlatforms) = postSolution
		{AB5942B3-7697-4220-8413-6D35105CC488}.Debug|Any CPU.ActiveCfg = Debug|Any CPU
		{AB5942B3-7697-4220-8413-6D35105CC488}.Debug|Any CPU.Build.0 = Debug|Any CPU
		{AB5942B3-7697-4220-8413-6D35105CC488}.Release|Any CPU.ActiveCfg = Release|Any CPU
		{AB5942B3-7697-4220-8413-6D35105CC488}.Release|Any CPU.Build.0 = Release|Any CPU
	EndGlobalSection
	GlobalSection(SolutionProperties) = preSolution
		HideSolutionNode = FALSE
	EndGlobalSection
	GlobalSection(ExtensibilityGlobals) = postSolution
		SolutionGuid = {CE0AB546-BD27-4E26-AE72-80C46610D11E}
	EndGlobalSection
EndGlobal
