
Microsoft Visual Studio Solution File, Format Version 12.00
# Visual Studio Version 17
VisualStudioVersion = 17.14.36401.2 d17.14
MinimumVisualStudioVersion = 10.0.40219.1
Project("{FAE04EC0-301F-11D3-BF4B-00C04F79EFBC}") = "BankProjectCore", "BankProjectCore\BankProjectCore.csproj", "{4D31DD49-D248-4C1B-94EA-F6715CD28583}"
EndProject
Global
	GlobalSection(SolutionConfigurationPlatforms) = preSolution
		Debug|Any CPU = Debug|Any CPU
		Release|Any CPU = Release|Any CPU
	EndGlobalSection
	GlobalSection(ProjectConfigurationPlatforms) = postSolution
		{4D31DD49-D248-4C1B-94EA-F6715CD28583}.Debug|Any CPU.ActiveCfg = Debug|Any CPU
		{4D31DD49-D248-4C1B-94EA-F6715CD28583}.Debug|Any CPU.Build.0 = Debug|Any CPU
		{4D31DD49-D248-4C1B-94EA-F6715CD28583}.Release|Any CPU.ActiveCfg = Release|Any CPU
		{4D31DD49-D248-4C1B-94EA-F6715CD28583}.Release|Any CPU.Build.0 = Release|Any CPU
	EndGlobalSection
	GlobalSection(SolutionProperties) = preSolution
		HideSolutionNode = FALSE
	EndGlobalSection
	GlobalSection(ExtensibilityGlobals) = postSolution
		SolutionGuid = {7C54C849-51F4-4CD4-AF74-A5039A69CF1C}
	EndGlobalSection
EndGlobal
