
Microsoft Visual Studio Solution File, Format Version 12.00
# Visual Studio Version 17
VisualStudioVersion = 17.14.36401.2 d17.14
MinimumVisualStudioVersion = 10.0.40219.1
Project("{FAE04EC0-301F-11D3-BF4B-00C04F79EFBC}") = "E-Commerce1", "E-Commerce1\E-Commerce1.csproj", "{5921D149-6F38-409E-9155-6B0030B00893}"
EndProject
Global
	GlobalSection(SolutionConfigurationPlatforms) = preSolution
		Debug|Any CPU = Debug|Any CPU
		Release|Any CPU = Release|Any CPU
	EndGlobalSection
	GlobalSection(ProjectConfigurationPlatforms) = postSolution
		{5921D149-6F38-409E-9155-6B0030B00893}.Debug|Any CPU.ActiveCfg = Debug|Any CPU
		{5921D149-6F38-409E-9155-6B0030B00893}.Debug|Any CPU.Build.0 = Debug|Any CPU
		{5921D149-6F38-409E-9155-6B0030B00893}.Release|Any CPU.ActiveCfg = Release|Any CPU
		{5921D149-6F38-409E-9155-6B0030B00893}.Release|Any CPU.Build.0 = Release|Any CPU
	EndGlobalSection
	GlobalSection(SolutionProperties) = preSolution
		HideSolutionNode = FALSE
	EndGlobalSection
	GlobalSection(ExtensibilityGlobals) = postSolution
		SolutionGuid = {EA9D9189-3963-4F1F-8E92-40EF0E24110A}
	EndGlobalSection
EndGlobal
